{
  "pins" : [
    {
      "identity" : "swift-argument-parser",
      "kind" : "remoteSourceControl",
      "location" : "https://github.com/apple/swift-argument-parser",
      "state" : {
        "branch" : "main",
        "revision" : "d6836f4508b0a6a3c7f5e9db614a031db914cacd"
      }
    }
  ],
  "version" : 2
}
